
Microsoft Visual Studio Solution File, Format Version 12.00
# Visual Studio 15
VisualStudioVersion = 15.0.28307.779
MinimumVisualStudioVersion = 10.0.40219.1
Project("{8BC9CEB8-8B4A-11D0-8D11-00A0C91BC942}") = "Database", "Database\Database.vcxproj", "{BFA7BF31-890A-40AE-AFE0-B3D3DB2FD765}"
EndProject
Global
	GlobalSection(SolutionConfigurationPlatforms) = preSolution
		Debug|x64 = Debug|x64
		Debug|x86 = Debug|x86
		Release|x64 = Release|x64
		Release|x86 = Release|x86
	EndGlobalSection
	GlobalSection(ProjectConfigurationPlatforms) = postSolution
		{BFA7BF31-890A-40AE-AFE0-B3D3DB2FD765}.Debug|x64.ActiveCfg = Debug|x64
		{BFA7BF31-890A-40AE-AFE0-B3D3DB2FD765}.Debug|x64.Build.0 = Debug|x64
		{BFA7BF31-890A-40AE-AFE0-B3D3DB2FD765}.Debug|x86.ActiveCfg = Debug|Win32
		{BFA7BF31-890A-40AE-AFE0-B3D3DB2FD765}.Debug|x86.Build.0 = Debug|Win32
		{BFA7BF31-890A-40AE-AFE0-B3D3DB2FD765}.Release|x64.ActiveCfg = Release|x64
		{BFA7BF31-890A-40AE-AFE0-B3D3DB2FD765}.Release|x64.Build.0 = Release|x64
		{BFA7BF31-890A-40AE-AFE0-B3D3DB2FD765}.Release|x86.ActiveCfg = Release|Win32
		{BFA7BF31-890A-40AE-AFE0-B3D3DB2FD765}.Release|x86.Build.0 = Release|Win32
	EndGlobalSection
	GlobalSection(SolutionProperties) = preSolution
		HideSolutionNode = FALSE
	EndGlobalSection
	GlobalSection(ExtensibilityGlobals) = postSolution
		SolutionGuid = {7D4B696B-F7C6-4D7B-8B37-55ADF8B183B2}
	EndGlobalSection
EndGlobal
